// !$*UTF8*$!
{
	archiveVersion = 1;
	classes = {
	};
	objectVersion = 77;
	objects = {

/* Begin PBXContainerItemProxy section */
		07BBEAC02D5FD63A00E20871 /* PBXContainerItemProxy */ = {
			isa = PBXContainerItemProxy;
			containerPortal = 07BBEAA72D5FD63900E20871 /* Project object */;
			proxyType = 1;
			remoteGlobalIDString = 07BBEAAE2D5FD63900E20871;
			remoteInfo = "camp-nav-ios-g-cw";
		};
		07BBEACA2D5FD63A00E20871 /* PBXContainerItemProxy */ = {
			isa = PBXContainerItemProxy;
			containerPortal = 07BBEAA72D5FD63900E20871 /* Project object */;
			proxyType = 1;
			remoteGlobalIDString = 07BBEAAE2D5FD63900E20871;
			remoteInfo = "camp-nav-ios-g-cw";
		};
/* End PBXContainerItemProxy section */

/* Begin PBXFileReference section */
		07BBEAAF2D5FD63900E20871 /* camp-nav-ios-g-cw.app */ = {isa = PBXFileReference; explicitFileType = wrapper.application; includeInIndex = 0; path = "camp-nav-ios-g-cw.app"; sourceTree = BUILT_PRODUCTS_DIR; };
		07BBEABF2D5FD63A00E20871 /* camp-nav-ios-g-cwTests.xctest */ = {isa = PBXFileReference; explicitFileType = wrapper.cfbundle; includeInIndex = 0; path = "camp-nav-ios-g-cwTests.xctest"; sourceTree = BUILT_PRODUCTS_DIR; };
		07BBEAC92D5FD63A00E20871 /* camp-nav-ios-g-cwUITests.xctest */ = {isa = PBXFileReference; explicitFileType = wrapper.cfbundle; includeInIndex = 0; path = "camp-nav-ios-g-cwUITests.xctest"; sourceTree = BUILT_PRODUCTS_DIR; };
/* End PBXFileReference section */

/* Begin PBXFileSystemSynchronizedBuildFileExceptionSet section */
		07BBEB252D6119A400E20871 /* Exceptions for "camp-nav-ios-g-cw" folder in "camp-nav-ios-g-cw" target */ = {
			isa = PBXFileSystemSynchronizedBuildFileExceptionSet;
			membershipExceptions = (
				Info.plist,
			);
			target = 07BBEAAE2D5FD63900E20871 /* camp-nav-ios-g-cw */;
		};
/* End PBXFileSystemSynchronizedBuildFileExceptionSet section */

/* Begin PBXFileSystemSynchronizedRootGroup section */
		07BBEAB12D5FD63900E20871 /* camp-nav-ios-g-cw */ = {
			isa = PBXFileSystemSynchronizedRootGroup;
			exceptions = (
				07BBEB252D6119A400E20871 /* Exceptions for "camp-nav-ios-g-cw" folder in "camp-nav-ios-g-cw" target */,
			);
			path = "camp-nav-ios-g-cw";
			sourceTree = "<group>";
		};
		07BBEAC22D5FD63A00E20871 /* camp-nav-ios-g-cwTests */ = {
			isa = PBXFileSystemSynchronizedRootGroup;
			path = "camp-nav-ios-g-cwTests";
			sourceTree = "<group>";
		};
		07BBEACC2D5FD63A00E20871 /* camp-nav-ios-g-cwUITests */ = {
			isa = PBXFileSystemSynchronizedRootGroup;
			path = "camp-nav-ios-g-cwUITests";
			sourceTree = "<group>";
		};
/* End PBXFileSystemSynchronizedRootGroup section */

/* Begin PBXFrameworksBuildPhase section */
		07BBEAAC2D5FD63900E20871 /* Frameworks */ = {
			isa = PBXFrameworksBuildPhase;
			buildActionMask = 2147483647;
			files = (
			);
			runOnlyForDeploymentPostprocessing = 0;
		};
		07BBEABC2D5FD63A00E20871 /* Frameworks */ = {
			isa = PBXFrameworksBuildPhase;
			buildActionMask = 2147483647;
			files = (
			);
			runOnlyForDeploymentPostprocessing = 0;
		};
		07BBEAC62D5FD63A00E20871 /* Frameworks */ = {
			isa = PBXFrameworksBuildPhase;
			buildActionMask = 2147483647;
			files = (
			);
			runOnlyForDeploymentPostprocessing = 0;
		};
/* End PBXFrameworksBuildPhase section */

/* Begin PBXGroup section */
		07BBEAA62D5FD63900E20871 = {
			isa = PBXGroup;
			children = (
				07BBEAB12D5FD63900E20871 /* camp-nav-ios-g-cw */,
				07BBEAC22D5FD63A00E20871 /* camp-nav-ios-g-cwTests */,
				07BBEACC2D5FD63A00E20871 /* camp-nav-ios-g-cwUITests */,
				07BBEAB02D5FD63900E20871 /* Products */,
			);
			sourceTree = "<group>";
		};
		07BBEAB02D5FD63900E20871 /* Products */ = {
			isa = PBXGroup;
			children = (
				07BBEAAF2D5FD63900E20871 /* camp-nav-ios-g-cw.app */,
				07BBEABF2D5FD63A00E20871 /* camp-nav-ios-g-cwTests.xctest */,
				07BBEAC92D5FD63A00E20871 /* camp-nav-ios-g-cwUITests.xctest */,
			);
			name = Products;
			sourceTree = "<group>";
		};
/* End PBXGroup section */

/* Begin PBXNativeTarget section */
		07BBEAAE2D5FD63900E20871 /* camp-nav-ios-g-cw */ = {
			isa = PBXNativeTarget;
			buildConfigurationList = 07BBEAD32D5FD63A00E20871 /* Build configuration list for PBXNativeTarget "camp-nav-ios-g-cw" */;
			buildPhases = (
				07BBEAAB2D5FD63900E20871 /* Sources */,
				07BBEAAC2D5FD63900E20871 /* Frameworks */,
				07BBEAAD2D5FD63900E20871 /* Resources */,
			);
			buildRules = (
			);
			dependencies = (
			);
			fileSystemSynchronizedGroups = (
				07BBEAB12D5FD63900E20871 /* camp-nav-ios-g-cw */,
			);
			name = "camp-nav-ios-g-cw";
			packageProductDependencies = (
			);
			productName = "camp-nav-ios-g-cw";
			productReference = 07BBEAAF2D5FD63900E20871 /* camp-nav-ios-g-cw.app */;
			productType = "com.apple.product-type.application";
		};
		07BBEABE2D5FD63A00E20871 /* camp-nav-ios-g-cwTests */ = {
			isa = PBXNativeTarget;
			buildConfigurationList = 07BBEAD62D5FD63A00E20871 /* Build configuration list for PBXNativeTarget "camp-nav-ios-g-cwTests" */;
			buildPhases = (
				07BBEABB2D5FD63A00E20871 /* Sources */,
				07BBEABC2D5FD63A00E20871 /* Frameworks */,
				07BBEABD2D5FD63A00E20871 /* Resources */,
			);
			buildRules = (
			);
			dependencies = (
				07BBEAC12D5FD63A00E20871 /* PBXTargetDependency */,
			);
			fileSystemSynchronizedGroups = (
				07BBEAC22D5FD63A00E20871 /* camp-nav-ios-g-cwTests */,
			);
			name = "camp-nav-ios-g-cwTests";
			packageProductDependencies = (
			);
			productName = "camp-nav-ios-g-cwTests";
			productReference = 07BBEABF2D5FD63A00E20871 /* camp-nav-ios-g-cwTests.xctest */;
			productType = "com.apple.product-type.bundle.unit-test";
		};
		07BBEAC82D5FD63A00E20871 /* camp-nav-ios-g-cwUITests */ = {
			isa = PBXNativeTarget;
			buildConfigurationList = 07BBEAD92D5FD63A00E20871 /* Build configuration list for PBXNativeTarget "camp-nav-ios-g-cwUITests" */;
			buildPhases = (
				07BBEAC52D5FD63A00E20871 /* Sources */,
				07BBEAC62D5FD63A00E20871 /* Frameworks */,
				07BBEAC72D5FD63A00E20871 /* Resources */,
			);
			buildRules = (
			);
			dependencies = (
				07BBEACB2D5FD63A00E20871 /* PBXTargetDependency */,
			);
			fileSystemSynchronizedGroups = (
				07BBEACC2D5FD63A00E20871 /* camp-nav-ios-g-cwUITests */,
			);
			name = "camp-nav-ios-g-cwUITests";
			packageProductDependencies = (
			);
			productName = "camp-nav-ios-g-cwUITests";
			productReference = 07BBEAC92D5FD63A00E20871 /* camp-nav-ios-g-cwUITests.xctest */;
			productType = "com.apple.product-type.bundle.ui-testing";
		};
/* End PBXNativeTarget section */

/* Begin PBXProject section */
		07BBEAA72D5FD63900E20871 /* Project object */ = {
			isa = PBXProject;
			attributes = {
				BuildIndependentTargetsInParallel = 1;
				LastSwiftUpdateCheck = 1620;
				LastUpgradeCheck = 1620;
				TargetAttributes = {
					07BBEAAE2D5FD63900E20871 = {
						CreatedOnToolsVersion = 16.2;
					};
					07BBEABE2D5FD63A00E20871 = {
						CreatedOnToolsVersion = 16.2;
						TestTargetID = 07BBEAAE2D5FD63900E20871;
					};
					07BBEAC82D5FD63A00E20871 = {
						CreatedOnToolsVersion = 16.2;
						TestTargetID = 07BBEAAE2D5FD63900E20871;
					};
				};
			};
			buildConfigurationList = 07BBEAAA2D5FD63900E20871 /* Build configuration list for PBXProject "camp-nav-ios-g-cw" */;
			developmentRegion = en;
			hasScannedForEncodings = 0;
			knownRegions = (
				en,
				Base,
			);
			mainGroup = 07BBEAA62D5FD63900E20871;
			minimizedProjectReferenceProxies = 1;
			preferredProjectObjectVersion = 77;
			productRefGroup = 07BBEAB02D5FD63900E20871 /* Products */;
			projectDirPath = "";
			projectRoot = "";
			targets = (
				07BBEAAE2D5FD63900E20871 /* camp-nav-ios-g-cw */,
				07BBEABE2D5FD63A00E20871 /* camp-nav-ios-g-cwTests */,
				07BBEAC82D5FD63A00E20871 /* camp-nav-ios-g-cwUITests */,
			);
		};
/* End PBXProject section */

/* Begin PBXResourcesBuildPhase section */
		07BBEAAD2D5FD63900E20871 /* Resources */ = {
			isa = PBXResourcesBuildPhase;
			buildActionMask = 2147483647;
			files = (
			);
			runOnlyForDeploymentPostprocessing = 0;
		};
		07BBEABD2D5FD63A00E20871 /* Resources */ = {
			isa = PBXResourcesBuildPhase;
			buildActionMask = 2147483647;
			files = (
			);
			runOnlyForDeploymentPostprocessing = 0;
		};
		07BBEAC72D5FD63A00E20871 /* Resources */ = {
			isa = PBXResourcesBuildPhase;
			buildActionMask = 2147483647;
			files = (
			);
			runOnlyForDeploymentPostprocessing = 0;
		};
/* End PBXResourcesBuildPhase section */

/* Begin PBXSourcesBuildPhase section */
		07BBEAAB2D5FD63900E20871 /* Sources */ = {
			isa = PBXSourcesBuildPhase;
			buildActionMask = 2147483647;
			files = (
			);
			runOnlyForDeploymentPostprocessing = 0;
		};
		07BBEABB2D5FD63A00E20871 /* Sources */ = {
			isa = PBXSourcesBuildPhase;
			buildActionMask = 2147483647;
			files = (
			);
			runOnlyForDeploymentPostprocessing = 0;
		};
		07BBEAC52D5FD63A00E20871 /* Sources */ = {
			isa = PBXSourcesBuildPhase;
			buildActionMask = 2147483647;
			files = (
			);
			runOnlyForDeploymentPostprocessing = 0;
		};
/* End PBXSourcesBuildPhase section */

/* Begin PBXTargetDependency section */
		07BBEAC12D5FD63A00E20871 /* PBXTargetDependency */ = {
			isa = PBXTargetDependency;
			target = 07BBEAAE2D5FD63900E20871 /* camp-nav-ios-g-cw */;
			targetProxy = 07BBEAC02D5FD63A00E20871 /* PBXContainerItemProxy */;
		};
		07BBEACB2D5FD63A00E20871 /* PBXTargetDependency */ = {
			isa = PBXTargetDependency;
			target = 07BBEAAE2D5FD63900E20871 /* camp-nav-ios-g-cw */;
			targetProxy = 07BBEACA2D5FD63A00E20871 /* PBXContainerItemProxy */;
		};
/* End PBXTargetDependency section */

/* Begin XCBuildConfiguration section */
		07BBEAD12D5FD63A00E20871 /* Debug */ = {
			isa = XCBuildConfiguration;
			buildSettings = {
				ALWAYS_SEARCH_USER_PATHS = NO;
				ASSETCATALOG_COMPILER_GENERATE_SWIFT_ASSET_SYMBOL_EXTENSIONS = YES;
				CLANG_ANALYZER_NONNULL = YES;
				CLANG_ANALYZER_NUMBER_OBJECT_CONVERSION = YES_AGGRESSIVE;
				CLANG_CXX_LANGUAGE_STANDARD = "gnu++20";
				CLANG_ENABLE_MODULES = YES;
				CLANG_ENABLE_OBJC_ARC = YES;
				CLANG_ENABLE_OBJC_WEAK = YES;
				CLANG_WARN_BLOCK_CAPTURE_AUTORELEASING = YES;
				CLANG_WARN_BOOL_CONVERSION = YES;
				CLANG_WARN_COMMA = YES;
				CLANG_WARN_CONSTANT_CONVERSION = YES;
				CLANG_WARN_DEPRECATED_OBJC_IMPLEMENTATIONS = YES;
				CLANG_WARN_DIRECT_OBJC_ISA_USAGE = YES_ERROR;
				CLANG_WARN_DOCUMENTATION_COMMENTS = YES;
				CLANG_WARN_EMPTY_BODY = YES;
				CLANG_WARN_ENUM_CONVERSION = YES;
				CLANG_WARN_INFINITE_RECURSION = YES;
				CLANG_WARN_INT_CONVERSION = YES;
				CLANG_WARN_NON_LITERAL_NULL_CONVERSION = YES;
				CLANG_WARN_OBJC_IMPLICIT_RETAIN_SELF = YES;
				CLANG_WARN_OBJC_LITERAL_CONVERSION = YES;
				CLANG_WARN_OBJC_ROOT_CLASS = YES_ERROR;
				CLANG_WARN_QUOTED_INCLUDE_IN_FRAMEWORK_HEADER = YES;
				CLANG_WARN_RANGE_LOOP_ANALYSIS = YES;
				CLANG_WARN_STRICT_PROTOTYPES = YES;
				CLANG_WARN_SUSPICIOUS_MOVE = YES;
				CLANG_WARN_UNGUARDED_AVAILABILITY = YES_AGGRESSIVE;
				CLANG_WARN_UNREACHABLE_CODE = YES;
				CLANG_WARN__DUPLICATE_METHOD_MATCH = YES;
				COPY_PHASE_STRIP = NO;
				DEBUG_INFORMATION_FORMAT = dwarf;
				ENABLE_STRICT_OBJC_MSGSEND = YES;
				ENABLE_TESTABILITY = YES;
				ENABLE_USER_SCRIPT_SANDBOXING = YES;
				GCC_C_LANGUAGE_STANDARD = gnu17;
				GCC_DYNAMIC_NO_PIC = NO;
				GCC_NO_COMMON_BLOCKS = YES;
				GCC_OPTIMIZATION_LEVEL = 0;
				GCC_PREPROCESSOR_DEFINITIONS = (
					"DEBUG=1",
					"$(inherited)",
				);
				GCC_WARN_64_TO_32_BIT_CONVERSION = YES;
				GCC_WARN_ABOUT_RETURN_TYPE = YES_ERROR;
				GCC_WARN_UNDECLARED_SELECTOR = YES;
				GCC_WARN_UNINITIALIZED_AUTOS = YES_AGGRESSIVE;
				GCC_WARN_UNUSED_FUNCTION = YES;
				GCC_WARN_UNUSED_VARIABLE = YES;
				IPHONEOS_DEPLOYMENT_TARGET = 18.2;
				LOCALIZATION_PREFERS_STRING_CATALOGS = YES;
				MTL_ENABLE_DEBUG_INFO = INCLUDE_SOURCE;
				MTL_FAST_MATH = YES;
				ONLY_ACTIVE_ARCH = YES;
				SDKROOT = iphoneos;
				SWIFT_ACTIVE_COMPILATION_CONDITIONS = "DEBUG $(inherited)";
				SWIFT_OPTIMIZATION_LEVEL = "-Onone";
			};
			name = Debug;
		};
		07BBEAD22D5FD63A00E20871 /* Release */ = {
			isa = XCBuildConfiguration;
			buildSettings = {
				ALWAYS_SEARCH_USER_PATHS = NO;
				ASSETCATALOG_COMPILER_GENERATE_SWIFT_ASSET_SYMBOL_EXTENSIONS = YES;
				CLANG_ANALYZER_NONNULL = YES;
				CLANG_ANALYZER_NUMBER_OBJECT_CONVERSION = YES_AGGRESSIVE;
				CLANG_CXX_LANGUAGE_STANDARD = "gnu++20";
				CLANG_ENABLE_MODULES = YES;
				CLANG_ENABLE_OBJC_ARC = YES;
				CLANG_ENABLE_OBJC_WEAK = YES;
				CLANG_WARN_BLOCK_CAPTURE_AUTORELEASING = YES;
				CLANG_WARN_BOOL_CONVERSION = YES;
				CLANG_WARN_COMMA = YES;
				CLANG_WARN_CONSTANT_CONVERSION = YES;
				CLANG_WARN_DEPRECATED_OBJC_IMPLEMENTATIONS = YES;
				CLANG_WARN_DIRECT_OBJC_ISA_USAGE = YES_ERROR;
				CLANG_WARN_DOCUMENTATION_COMMENTS = YES;
				CLANG_WARN_EMPTY_BODY = YES;
				CLANG_WARN_ENUM_CONVERSION = YES;
				CLANG_WARN_INFINITE_RECURSION = YES;
				CLANG_WARN_INT_CONVERSION = YES;
				CLANG_WARN_NON_LITERAL_NULL_CONVERSION = YES;
				CLANG_WARN_OBJC_IMPLICIT_RETAIN_SELF = YES;
				CLANG_WARN_OBJC_LITERAL_CONVERSION = YES;
				CLANG_WARN_OBJC_ROOT_CLASS = YES_ERROR;
				CLANG_WARN_QUOTED_INCLUDE_IN_FRAMEWORK_HEADER = YES;
				CLANG_WARN_RANGE_LOOP_ANALYSIS = YES;
				CLANG_WARN_STRICT_PROTOTYPES = YES;
				CLANG_WARN_SUSPICIOUS_MOVE = YES;
				CLANG_WARN_UNGUARDED_AVAILABILITY = YES_AGGRESSIVE;
				CLANG_WARN_UNREACHABLE_CODE = YES;
				CLANG_WARN__DUPLICATE_METHOD_MATCH = YES;
				COPY_PHASE_STRIP = NO;
				DEBUG_INFORMATION_FORMAT = "dwarf-with-dsym";
				ENABLE_NS_ASSERTIONS = NO;
				ENABLE_STRICT_OBJC_MSGSEND = YES;
				ENABLE_USER_SCRIPT_SANDBOXING = YES;
				GCC_C_LANGUAGE_STANDARD = gnu17;
				GCC_NO_COMMON_BLOCKS = YES;
				GCC_WARN_64_TO_32_BIT_CONVERSION = YES;
				GCC_WARN_ABOUT_RETURN_TYPE = YES_ERROR;
				GCC_WARN_UNDECLARED_SELECTOR = YES;
				GCC_WARN_UNINITIALIZED_AUTOS = YES_AGGRESSIVE;
				GCC_WARN_UNUSED_FUNCTION = YES;
				GCC_WARN_UNUSED_VARIABLE = YES;
				IPHONEOS_DEPLOYMENT_TARGET = 18.2;
				LOCALIZATION_PREFERS_STRING_CATALOGS = YES;
				MTL_ENABLE_DEBUG_INFO = NO;
				MTL_FAST_MATH = YES;
				SDKROOT = iphoneos;
				SWIFT_COMPILATION_MODE = wholemodule;
				VALIDATE_PRODUCT = YES;
			};
			name = Release;
		};
		07BBEAD42D5FD63A00E20871 /* Debug */ = {
			isa = XCBuildConfiguration;
			buildSettings = {
				ASSETCATALOG_COMPILER_APPICON_NAME = AppIcon;
				ASSETCATALOG_COMPILER_GLOBAL_ACCENT_COLOR_NAME = AccentColor;
				CODE_SIGN_STYLE = Automatic;
				CURRENT_PROJECT_VERSION = 1;
				DEVELOPMENT_ASSET_PATHS = "\"camp-nav-ios-g-cw/Preview Content\"";
				ENABLE_PREVIEWS = YES;
				GENERATE_INFOPLIST_FILE = YES;
				INFOPLIST_FILE = "camp-nav-ios-g-cw/Info.plist";
				INFOPLIST_KEY_UIApplicationSceneManifest_Generation = YES;
				INFOPLIST_KEY_UIApplicationSupportsIndirectInputEvents = YES;
				INFOPLIST_KEY_UILaunchScreen_Generation = YES;
				INFOPLIST_KEY_UISupportedInterfaceOrientations_iPad = "UIInterfaceOrientationPortrait UIInterfaceOrientationPortraitUpsideDown UIInterfaceOrientationLandscapeLeft UIInterfaceOrientationLandscapeRight";
				INFOPLIST_KEY_UISupportedInterfaceOrientations_iPhone = "UIInterfaceOrientationPortrait UIInterfaceOrientationLandscapeLeft UIInterfaceOrientationLandscapeRight";
				LD_RUNPATH_SEARCH_PATHS = (
					"$(inherited)",
					"@executable_path/Frameworks",
				);
				MARKETING_VERSION = 1.0;
				PRODUCT_BUNDLE_IDENTIFIER = "xthenuwara.camp-nav-ios-g-cw";
				PRODUCT_NAME = "$(TARGET_NAME)";
				SWIFT_EMIT_LOC_STRINGS = YES;
				SWIFT_VERSION = 5.0;
				TARGETED_DEVICE_FAMILY = "1,2";
			};
			name = Debug;
		};
		07BBEAD52D5FD63A00E20871 /* Release */ = {
			isa = XCBuildConfiguration;
			buildSettings = {
				ASSETCATALOG_COMPILER_APPICON_NAME = AppIcon;
				ASSETCATALOG_COMPILER_GLOBAL_ACCENT_COLOR_NAME = AccentColor;
				CODE_SIGN_STYLE = Automatic;
				CURRENT_PROJECT_VERSION = 1;
				DEVELOPMENT_ASSET_PATHS = "\"camp-nav-ios-g-cw/Preview Content\"";
				ENABLE_PREVIEWS = YES;
				GENERATE_INFOPLIST_FILE = YES;
				INFOPLIST_FILE = "camp-nav-ios-g-cw/Info.plist";
				INFOPLIST_KEY_UIApplicationSceneManifest_Generation = YES;
				INFOPLIST_KEY_UIApplicationSupportsIndirectInputEvents = YES;
				INFOPLIST_KEY_UILaunchScreen_Generation = YES;
				INFOPLIST_KEY_UISupportedInterfaceOrientations_iPad = "UIInterfaceOrientationPortrait UIInterfaceOrientationPortraitUpsideDown UIInterfaceOrientationLandscapeLeft UIInterfaceOrientationLandscapeRight";
				INFOPLIST_KEY_UISupportedInterfaceOrientations_iPhone = "UIInterfaceOrientationPortrait UIInterfaceOrientationLandscapeLeft UIInterfaceOrientationLandscapeRight";
				LD_RUNPATH_SEARCH_PATHS = (
					"$(inherited)",
					"@executable_path/Frameworks",
				);
				MARKETING_VERSION = 1.0;
				PRODUCT_BUNDLE_IDENTIFIER = "xthenuwara.camp-nav-ios-g-cw";
				PRODUCT_NAME = "$(TARGET_NAME)";
				SWIFT_EMIT_LOC_STRINGS = YES;
				SWIFT_VERSION = 5.0;
				TARGETED_DEVICE_FAMILY = "1,2";
			};
			name = Release;
		};
		07BBEAD72D5FD63A00E20871 /* Debug */ = {
			isa = XCBuildConfiguration;
			buildSettings = {
				BUNDLE_LOADER = "$(TEST_HOST)";
				CODE_SIGN_STYLE = Automatic;
				CURRENT_PROJECT_VERSION = 1;
				GENERATE_INFOPLIST_FILE = YES;
				IPHONEOS_DEPLOYMENT_TARGET = 18.2;
				MARKETING_VERSION = 1.0;
				PRODUCT_BUNDLE_IDENTIFIER = "xthenuwara.camp-nav-ios-g-cwTests";
				PRODUCT_NAME = "$(TARGET_NAME)";
				SWIFT_EMIT_LOC_STRINGS = NO;
				SWIFT_VERSION = 5.0;
				TARGETED_DEVICE_FAMILY = "1,2";
				TEST_HOST = "$(BUILT_PRODUCTS_DIR)/camp-nav-ios-g-cw.app/$(BUNDLE_EXECUTABLE_FOLDER_PATH)/camp-nav-ios-g-cw";
			};
			name = Debug;
		};
		07BBEAD82D5FD63A00E20871 /* Release */ = {
			isa = XCBuildConfiguration;
			buildSettings = {
				BUNDLE_LOADER = "$(TEST_HOST)";
				CODE_SIGN_STYLE = Automatic;
				CURRENT_PROJECT_VERSION = 1;
				GENERATE_INFOPLIST_FILE = YES;
				IPHONEOS_DEPLOYMENT_TARGET = 18.2;
				MARKETING_VERSION = 1.0;
				PRODUCT_BUNDLE_IDENTIFIER = "xthenuwara.camp-nav-ios-g-cwTests";
				PRODUCT_NAME = "$(TARGET_NAME)";
				SWIFT_EMIT_LOC_STRINGS = NO;
				SWIFT_VERSION = 5.0;
				TARGETED_DEVICE_FAMILY = "1,2";
				TEST_HOST = "$(BUILT_PRODUCTS_DIR)/camp-nav-ios-g-cw.app/$(BUNDLE_EXECUTABLE_FOLDER_PATH)/camp-nav-ios-g-cw";
			};
			name = Release;
		};
		07BBEADA2D5FD63A00E20871 /* Debug */ = {
			isa = XCBuildConfiguration;
			buildSettings = {
				CODE_SIGN_STYLE = Automatic;
				CURRENT_PROJECT_VERSION = 1;
				GENERATE_INFOPLIST_FILE = YES;
				MARKETING_VERSION = 1.0;
				PRODUCT_BUNDLE_IDENTIFIER = "xthenuwara.camp-nav-ios-g-cwUITests";
				PRODUCT_NAME = "$(TARGET_NAME)";
				SWIFT_EMIT_LOC_STRINGS = NO;
				SWIFT_VERSION = 5.0;
				TARGETED_DEVICE_FAMILY = "1,2";
				TEST_TARGET_NAME = "camp-nav-ios-g-cw";
			};
			name = Debug;
		};
		07BBEADB2D5FD63A00E20871 /* Release */ = {
			isa = XCBuildConfiguration;
			buildSettings = {
				CODE_SIGN_STYLE = Automatic;
				CURRENT_PROJECT_VERSION = 1;
				GENERATE_INFOPLIST_FILE = YES;
				MARKETING_VERSION = 1.0;
				PRODUCT_BUNDLE_IDENTIFIER = "xthenuwara.camp-nav-ios-g-cwUITests";
				PRODUCT_NAME = "$(TARGET_NAME)";
				SWIFT_EMIT_LOC_STRINGS = NO;
				SWIFT_VERSION = 5.0;
				TARGETED_DEVICE_FAMILY = "1,2";
				TEST_TARGET_NAME = "camp-nav-ios-g-cw";
			};
			name = Release;
		};
/* End XCBuildConfiguration section */

/* Begin XCConfigurationList section */
		07BBEAAA2D5FD63900E20871 /* Build configuration list for PBXProject "camp-nav-ios-g-cw" */ = {
			isa = XCConfigurationList;
			buildConfigurations = (
				07BBEAD12D5FD63A00E20871 /* Debug */,
				07BBEAD22D5FD63A00E20871 /* Release */,
			);
			defaultConfigurationIsVisible = 0;
			defaultConfigurationName = Release;
		};
		07BBEAD32D5FD63A00E20871 /* Build configuration list for PBXNativeTarget "camp-nav-ios-g-cw" */ = {
			isa = XCConfigurationList;
			buildConfigurations = (
				07BBEAD42D5FD63A00E20871 /* Debug */,
				07BBEAD52D5FD63A00E20871 /* Release */,
			);
			defaultConfigurationIsVisible = 0;
			defaultConfigurationName = Release;
		};
		07BBEAD62D5FD63A00E20871 /* Build configuration list for PBXNativeTarget "camp-nav-ios-g-cwTests" */ = {
			isa = XCConfigurationList;
			buildConfigurations = (
				07BBEAD72D5FD63A00E20871 /* Debug */,
				07BBEAD82D5FD63A00E20871 /* Release */,
			);
			defaultConfigurationIsVisible = 0;
			defaultConfigurationName = Release;
		};
		07BBEAD92D5FD63A00E20871 /* Build configuration list for PBXNativeTarget "camp-nav-ios-g-cwUITests" */ = {
			isa = XCConfigurationList;
			buildConfigurations = (
				07BBEADA2D5FD63A00E20871 /* Debug */,
				07BBEADB2D5FD63A00E20871 /* Release */,
			);
			defaultConfigurationIsVisible = 0;
			defaultConfigurationName = Release;
		};
/* End XCConfigurationList section */
	};
	rootObject = 07BBEAA72D5FD63900E20871 /* Project object */;
}
